// !$*UTF8*$!
{
	archiveVersion = 1;
	classes = {
	};
	objectVersion = 50;
	objects = {

/* Begin PBXBuildFile section */
		4989035D23E2D9E70055BF02 /* honolulushizzle-2.png in Resources */ = {isa = PBXBuildFile; fileRef = 4989035C23E2D9E70055BF02 /* honolulushizzle-2.png */; };
		49AA804723E1793A00276AFD /* AppDelegate.swift in Sources */ = {isa = PBXBuildFile; fileRef = 49AA804623E1793A00276AFD /* AppDelegate.swift */; };
		49AA804923E1793A00276AFD /* SceneDelegate.swift in Sources */ = {isa = PBXBuildFile; fileRef = 49AA804823E1793A00276AFD /* SceneDelegate.swift */; };
		49AA804B23E1793A00276AFD /* ViewController.swift in Sources */ = {isa = PBXBuildFile; fileRef = 49AA804A23E1793A00276AFD /* ViewController.swift */; };
		49AA804E23E1793A00276AFD /* Main.storyboard in Resources */ = {isa = PBXBuildFile; fileRef = 49AA804C23E1793A00276AFD /* Main.storyboard */; };
		49AA805023E1793D00276AFD /* Assets.xcassets in Resources */ = {isa = PBXBuildFile; fileRef = 49AA804F23E1793D00276AFD /* Assets.xcassets */; };
		49AA805323E1793D00276AFD /* LaunchScreen.storyboard in Resources */ = {isa = PBXBuildFile; fileRef = 49AA805123E1793D00276AFD /* LaunchScreen.storyboard */; };
		49AA805C23E1795800276AFD /* MapKit.framework in Frameworks */ = {isa = PBXBuildFile; fileRef = 49AA805B23E1795800276AFD /* MapKit.framework */; };
		49AA805E23E17A1500276AFD /* Settings.bundle in Resources */ = {isa = PBXBuildFile; fileRef = 49AA805D23E17A1500276AFD /* Settings.bundle */; };
		49AA806223E1840100276AFD /* DAO.swift in Sources */ = {isa = PBXBuildFile; fileRef = 49AA806123E1840100276AFD /* DAO.swift */; };
		49AA806423E184C800276AFD /* Artwork.swift in Sources */ = {isa = PBXBuildFile; fileRef = 49AA806323E184C800276AFD /* Artwork.swift */; };
		49AA806823E18D4300276AFD /* TableViewController.swift in Sources */ = {isa = PBXBuildFile; fileRef = 49AA806723E18D4300276AFD /* TableViewController.swift */; };
		49AA806A23E18E1900276AFD /* ArtworkTableViewCell.swift in Sources */ = {isa = PBXBuildFile; fileRef = 49AA806923E18E1900276AFD /* ArtworkTableViewCell.swift */; };
		49AA806C23E1D86C00276AFD /* ArtDetailViewController.swift in Sources */ = {isa = PBXBuildFile; fileRef = 49AA806B23E1D86C00276AFD /* ArtDetailViewController.swift */; };
		49AA806E23E2CB7700276AFD /* HonoluluFlag.jpg in Resources */ = {isa = PBXBuildFile; fileRef = 49AA806D23E2CB7700276AFD /* HonoluluFlag.jpg */; };
/* End PBXBuildFile section */

/* Begin PBXFileReference section */
		4989035C23E2D9E70055BF02 /* honolulushizzle-2.png */ = {isa = PBXFileReference; lastKnownFileType = image.png; path = "honolulushizzle-2.png"; sourceTree = "<group>"; };
		49AA804323E1793A00276AFD /* Egon_iOSHonoluluProject.app */ = {isa = PBXFileReference; explicitFileType = wrapper.application; includeInIndex = 0; path = Egon_iOSHonoluluProject.app; sourceTree = BUILT_PRODUCTS_DIR; };
		49AA804623E1793A00276AFD /* AppDelegate.swift */ = {isa = PBXFileReference; lastKnownFileType = sourcecode.swift; path = AppDelegate.swift; sourceTree = "<group>"; };
		49AA804823E1793A00276AFD /* SceneDelegate.swift */ = {isa = PBXFileReference; lastKnownFileType = sourcecode.swift; path = SceneDelegate.swift; sourceTree = "<group>"; };
		49AA804A23E1793A00276AFD /* ViewController.swift */ = {isa = PBXFileReference; lastKnownFileType = sourcecode.swift; path = ViewController.swift; sourceTree = "<group>"; };
		49AA804D23E1793A00276AFD /* Base */ = {isa = PBXFileReference; lastKnownFileType = file.storyboard; name = Base; path = Base.lproj/Main.storyboard; sourceTree = "<group>"; };
		49AA804F23E1793D00276AFD /* Assets.xcassets */ = {isa = PBXFileReference; lastKnownFileType = folder.assetcatalog; path = Assets.xcassets; sourceTree = "<group>"; };
		49AA805223E1793D00276AFD /* Base */ = {isa = PBXFileReference; lastKnownFileType = file.storyboard; name = Base; path = Base.lproj/LaunchScreen.storyboard; sourceTree = "<group>"; };
		49AA805423E1793D00276AFD /* Info.plist */ = {isa = PBXFileReference; lastKnownFileType = text.plist.xml; path = Info.plist; sourceTree = "<group>"; };
		49AA805B23E1795800276AFD /* MapKit.framework */ = {isa = PBXFileReference; lastKnownFileType = wrapper.framework; name = MapKit.framework; path = System/Library/Frameworks/MapKit.framework; sourceTree = SDKROOT; };
		49AA805D23E17A1500276AFD /* Settings.bundle */ = {isa = PBXFileReference; lastKnownFileType = "wrapper.plug-in"; path = Settings.bundle; sourceTree = "<group>"; };
		49AA806123E1840100276AFD /* DAO.swift */ = {isa = PBXFileReference; lastKnownFileType = sourcecode.swift; path = DAO.swift; sourceTree = "<group>"; };
		49AA806323E184C800276AFD /* Artwork.swift */ = {isa = PBXFileReference; lastKnownFileType = sourcecode.swift; path = Artwork.swift; sourceTree = "<group>"; };
		49AA806723E18D4300276AFD /* TableViewController.swift */ = {isa = PBXFileReference; lastKnownFileType = sourcecode.swift; path = TableViewController.swift; sourceTree = "<group>"; };
		49AA806923E18E1900276AFD /* ArtworkTableViewCell.swift */ = {isa = PBXFileReference; lastKnownFileType = sourcecode.swift; path = ArtworkTableViewCell.swift; sourceTree = "<group>"; };
		49AA806B23E1D86C00276AFD /* ArtDetailViewController.swift */ = {isa = PBXFileReference; lastKnownFileType = sourcecode.swift; path = ArtDetailViewController.swift; sourceTree = "<group>"; };
		49AA806D23E2CB7700276AFD /* HonoluluFlag.jpg */ = {isa = PBXFileReference; lastKnownFileType = image.jpeg; path = HonoluluFlag.jpg; sourceTree = "<group>"; };
/* End PBXFileReference section */

/* Begin PBXFrameworksBuildPhase section */
		49AA804023E1793A00276AFD /* Frameworks */ = {
			isa = PBXFrameworksBuildPhase;
			buildActionMask = 2147483647;
			files = (
				49AA805C23E1795800276AFD /* MapKit.framework in Frameworks */,
			);
			runOnlyForDeploymentPostprocessing = 0;
		};
/* End PBXFrameworksBuildPhase section */

/* Begin PBXGroup section */
		4989035E23E2E0DF0055BF02 /* images */ = {
			isa = PBXGroup;
			children = (
				4989035C23E2D9E70055BF02 /* honolulushizzle-2.png */,
				49AA806D23E2CB7700276AFD /* HonoluluFlag.jpg */,
			);
			path = images;
			sourceTree = "<group>";
		};
		49AA803A23E1793A00276AFD = {
			isa = PBXGroup;
			children = (
				49AA805D23E17A1500276AFD /* Settings.bundle */,
				49AA804523E1793A00276AFD /* Egon_iOSHonoluluProject */,
				49AA804423E1793A00276AFD /* Products */,
				49AA805A23E1795800276AFD /* Frameworks */,
			);
			sourceTree = "<group>";
		};
		49AA804423E1793A00276AFD /* Products */ = {
			isa = PBXGroup;
			children = (
				49AA804323E1793A00276AFD /* Egon_iOSHonoluluProject.app */,
			);
			name = Products;
			sourceTree = "<group>";
		};
		49AA804523E1793A00276AFD /* Egon_iOSHonoluluProject */ = {
			isa = PBXGroup;
			children = (
				4989035E23E2E0DF0055BF02 /* images */,
				49AA806023E1816800276AFD /* controllers */,
				49AA805F23E1816200276AFD /* model */,
				49AA804623E1793A00276AFD /* AppDelegate.swift */,
				49AA804823E1793A00276AFD /* SceneDelegate.swift */,
				49AA804C23E1793A00276AFD /* Main.storyboard */,
				49AA804F23E1793D00276AFD /* Assets.xcassets */,
				49AA805123E1793D00276AFD /* LaunchScreen.storyboard */,
				49AA805423E1793D00276AFD /* Info.plist */,
				49AA806923E18E1900276AFD /* ArtworkTableViewCell.swift */,
			);
			path = Egon_iOSHonoluluProject;
			sourceTree = "<group>";
		};
		49AA805A23E1795800276AFD /* Frameworks */ = {
			isa = PBXGroup;
			children = (
				49AA805B23E1795800276AFD /* MapKit.framework */,
			);
			name = Frameworks;
			sourceTree = "<group>";
		};
		49AA805F23E1816200276AFD /* model */ = {
			isa = PBXGroup;
			children = (
				49AA806123E1840100276AFD /* DAO.swift */,
				49AA806323E184C800276AFD /* Artwork.swift */,
			);
			path = model;
			sourceTree = "<group>";
		};
		49AA806023E1816800276AFD /* controllers */ = {
			isa = PBXGroup;
			children = (
				49AA804A23E1793A00276AFD /* ViewController.swift */,
				49AA806723E18D4300276AFD /* TableViewController.swift */,
				49AA806B23E1D86C00276AFD /* ArtDetailViewController.swift */,
			);
			path = controllers;
			sourceTree = "<group>";
		};
/* End PBXGroup section */

/* Begin PBXNativeTarget section */
		49AA804223E1793A00276AFD /* Egon_iOSHonoluluProject */ = {
			isa = PBXNativeTarget;
			buildConfigurationList = 49AA805723E1793D00276AFD /* Build configuration list for PBXNativeTarget "Egon_iOSHonoluluProject" */;
			buildPhases = (
				49AA803F23E1793A00276AFD /* Sources */,
				49AA804023E1793A00276AFD /* Frameworks */,
				49AA804123E1793A00276AFD /* Resources */,
			);
			buildRules = (
			);
			dependencies = (
			);
			name = Egon_iOSHonoluluProject;
			productName = Egon_iOSHonoluluProject;
			productReference = 49AA804323E1793A00276AFD /* Egon_iOSHonoluluProject.app */;
			productType = "com.apple.product-type.application";
		};
/* End PBXNativeTarget section */

/* Begin PBXProject section */
		49AA803B23E1793A00276AFD /* Project object */ = {
			isa = PBXProject;
			attributes = {
				LastSwiftUpdateCheck = 1130;
				LastUpgradeCheck = 1130;
				ORGANIZATIONNAME = mobapp03;
				TargetAttributes = {
					49AA804223E1793A00276AFD = {
						CreatedOnToolsVersion = 11.3;
					};
				};
			};
			buildConfigurationList = 49AA803E23E1793A00276AFD /* Build configuration list for PBXProject "Egon_iOSHonoluluProject" */;
			compatibilityVersion = "Xcode 9.3";
			developmentRegion = en;
			hasScannedForEncodings = 0;
			knownRegions = (
				en,
				Base,
			);
			mainGroup = 49AA803A23E1793A00276AFD;
			productRefGroup = 49AA804423E1793A00276AFD /* Products */;
			projectDirPath = "";
			projectRoot = "";
			targets = (
				49AA804223E1793A00276AFD /* Egon_iOSHonoluluProject */,
			);
		};
/* End PBXProject section */

/* Begin PBXResourcesBuildPhase section */
		49AA804123E1793A00276AFD /* Resources */ = {
			isa = PBXResourcesBuildPhase;
			buildActionMask = 2147483647;
			files = (
				49AA805E23E17A1500276AFD /* Settings.bundle in Resources */,
				49AA805323E1793D00276AFD /* LaunchScreen.storyboard in Resources */,
				49AA805023E1793D00276AFD /* Assets.xcassets in Resources */,
				49AA804E23E1793A00276AFD /* Main.storyboard in Resources */,
				4989035D23E2D9E70055BF02 /* honolulushizzle-2.png in Resources */,
				49AA806E23E2CB7700276AFD /* HonoluluFlag.jpg in Resources */,
			);
			runOnlyForDeploymentPostprocessing = 0;
		};
/* End PBXResourcesBuildPhase section */

/* Begin PBXSourcesBuildPhase section */
		49AA803F23E1793A00276AFD /* Sources */ = {
			isa = PBXSourcesBuildPhase;
			buildActionMask = 2147483647;
			files = (
				49AA806423E184C800276AFD /* Artwork.swift in Sources */,
				49AA806823E18D4300276AFD /* TableViewController.swift in Sources */,
				49AA806C23E1D86C00276AFD /* ArtDetailViewController.swift in Sources */,
				49AA806223E1840100276AFD /* DAO.swift in Sources */,
				49AA806A23E18E1900276AFD /* ArtworkTableViewCell.swift in Sources */,
				49AA804B23E1793A00276AFD /* ViewController.swift in Sources */,
				49AA804723E1793A00276AFD /* AppDelegate.swift in Sources */,
				49AA804923E1793A00276AFD /* SceneDelegate.swift in Sources */,
			);
			runOnlyForDeploymentPostprocessing = 0;
		};
/* End PBXSourcesBuildPhase section */

/* Begin PBXVariantGroup section */
		49AA804C23E1793A00276AFD /* Main.storyboard */ = {
			isa = PBXVariantGroup;
			children = (
				49AA804D23E1793A00276AFD /* Base */,
			);
			name = Main.storyboard;
			sourceTree = "<group>";
		};
		49AA805123E1793D00276AFD /* LaunchScreen.storyboard */ = {
			isa = PBXVariantGroup;
			children = (
				49AA805223E1793D00276AFD /* Base */,
			);
			name = LaunchScreen.storyboard;
			sourceTree = "<group>";
		};
/* End PBXVariantGroup section */

/* Begin XCBuildConfiguration section */
		49AA805523E1793D00276AFD /* Debug */ = {
			isa = XCBuildConfiguration;
			buildSettings = {
				ALWAYS_SEARCH_USER_PATHS = NO;
				CLANG_ANALYZER_NONNULL = YES;
				CLANG_ANALYZER_NUMBER_OBJECT_CONVERSION = YES_AGGRESSIVE;
				CLANG_CXX_LANGUAGE_STANDARD = "gnu++14";
				CLANG_CXX_LIBRARY = "libc++";
				CLANG_ENABLE_MODULES = YES;
				CLANG_ENABLE_OBJC_ARC = YES;
				CLANG_ENABLE_OBJC_WEAK = YES;
				CLANG_WARN_BLOCK_CAPTURE_AUTORELEASING = YES;
				CLANG_WARN_BOOL_CONVERSION = YES;
				CLANG_WARN_COMMA = YES;
				CLANG_WARN_CONSTANT_CONVERSION = YES;
				CLANG_WARN_DEPRECATED_OBJC_IMPLEMENTATIONS = YES;
				CLANG_WARN_DIRECT_OBJC_ISA_USAGE = YES_ERROR;
				CLANG_WARN_DOCUMENTATION_COMMENTS = YES;
				CLANG_WARN_EMPTY_BODY = YES;
				CLANG_WARN_ENUM_CONVERSION = YES;
				CLANG_WARN_INFINITE_RECURSION = YES;
				CLANG_WARN_INT_CONVERSION = YES;
				CLANG_WARN_NON_LITERAL_NULL_CONVERSION = YES;
				CLANG_WARN_OBJC_IMPLICIT_RETAIN_SELF = YES;
				CLANG_WARN_OBJC_LITERAL_CONVERSION = YES;
				CLANG_WARN_OBJC_ROOT_CLASS = YES_ERROR;
				CLANG_WARN_RANGE_LOOP_ANALYSIS = YES;
				CLANG_WARN_STRICT_PROTOTYPES = YES;
				CLANG_WARN_SUSPICIOUS_MOVE = YES;
				CLANG_WARN_UNGUARDED_AVAILABILITY = YES_AGGRESSIVE;
				CLANG_WARN_UNREACHABLE_CODE = YES;
				CLANG_WARN__DUPLICATE_METHOD_MATCH = YES;
				COPY_PHASE_STRIP = NO;
				DEBUG_INFORMATION_FORMAT = dwarf;
				ENABLE_STRICT_OBJC_MSGSEND = YES;
				ENABLE_TESTABILITY = YES;
				GCC_C_LANGUAGE_STANDARD = gnu11;
				GCC_DYNAMIC_NO_PIC = NO;
				GCC_NO_COMMON_BLOCKS = YES;
				GCC_OPTIMIZATION_LEVEL = 0;
				GCC_PREPROCESSOR_DEFINITIONS = (
					"DEBUG=1",
					"$(inherited)",
				);
				GCC_WARN_64_TO_32_BIT_CONVERSION = YES;
				GCC_WARN_ABOUT_RETURN_TYPE = YES_ERROR;
				GCC_WARN_UNDECLARED_SELECTOR = YES;
				GCC_WARN_UNINITIALIZED_AUTOS = YES_AGGRESSIVE;
				GCC_WARN_UNUSED_FUNCTION = YES;
				GCC_WARN_UNUSED_VARIABLE = YES;
				IPHONEOS_DEPLOYMENT_TARGET = 13.2;
				MTL_ENABLE_DEBUG_INFO = INCLUDE_SOURCE;
				MTL_FAST_MATH = YES;
				ONLY_ACTIVE_ARCH = YES;
				SDKROOT = iphoneos;
				SWIFT_ACTIVE_COMPILATION_CONDITIONS = DEBUG;
				SWIFT_OPTIMIZATION_LEVEL = "-Onone";
			};
			name = Debug;
		};
		49AA805623E1793D00276AFD /* Release */ = {
			isa = XCBuildConfiguration;
			buildSettings = {
				ALWAYS_SEARCH_USER_PATHS = NO;
				CLANG_ANALYZER_NONNULL = YES;
				CLANG_ANALYZER_NUMBER_OBJECT_CONVERSION = YES_AGGRESSIVE;
				CLANG_CXX_LANGUAGE_STANDARD = "gnu++14";
				CLANG_CXX_LIBRARY = "libc++";
				CLANG_ENABLE_MODULES = YES;
				CLANG_ENABLE_OBJC_ARC = YES;
				CLANG_ENABLE_OBJC_WEAK = YES;
				CLANG_WARN_BLOCK_CAPTURE_AUTORELEASING = YES;
				CLANG_WARN_BOOL_CONVERSION = YES;
				CLANG_WARN_COMMA = YES;
				CLANG_WARN_CONSTANT_CONVERSION = YES;
				CLANG_WARN_DEPRECATED_OBJC_IMPLEMENTATIONS = YES;
				CLANG_WARN_DIRECT_OBJC_ISA_USAGE = YES_ERROR;
				CLANG_WARN_DOCUMENTATION_COMMENTS = YES;
				CLANG_WARN_EMPTY_BODY = YES;
				CLANG_WARN_ENUM_CONVERSION = YES;
				CLANG_WARN_INFINITE_RECURSION = YES;
				CLANG_WARN_INT_CONVERSION = YES;
				CLANG_WARN_NON_LITERAL_NULL_CONVERSION = YES;
				CLANG_WARN_OBJC_IMPLICIT_RETAIN_SELF = YES;
				CLANG_WARN_OBJC_LITERAL_CONVERSION = YES;
				CLANG_WARN_OBJC_ROOT_CLASS = YES_ERROR;
				CLANG_WARN_RANGE_LOOP_ANALYSIS = YES;
				CLANG_WARN_STRICT_PROTOTYPES = YES;
				CLANG_WARN_SUSPICIOUS_MOVE = YES;
				CLANG_WARN_UNGUARDED_AVAILABILITY = YES_AGGRESSIVE;
				CLANG_WARN_UNREACHABLE_CODE = YES;
				CLANG_WARN__DUPLICATE_METHOD_MATCH = YES;
				COPY_PHASE_STRIP = NO;
				DEBUG_INFORMATION_FORMAT = "dwarf-with-dsym";
				ENABLE_NS_ASSERTIONS = NO;
				ENABLE_STRICT_OBJC_MSGSEND = YES;
				GCC_C_LANGUAGE_STANDARD = gnu11;
				GCC_NO_COMMON_BLOCKS = YES;
				GCC_WARN_64_TO_32_BIT_CONVERSION = YES;
				GCC_WARN_ABOUT_RETURN_TYPE = YES_ERROR;
				GCC_WARN_UNDECLARED_SELECTOR = YES;
				GCC_WARN_UNINITIALIZED_AUTOS = YES_AGGRESSIVE;
				GCC_WARN_UNUSED_FUNCTION = YES;
				GCC_WARN_UNUSED_VARIABLE = YES;
				IPHONEOS_DEPLOYMENT_TARGET = 13.2;
				MTL_ENABLE_DEBUG_INFO = NO;
				MTL_FAST_MATH = YES;
				SDKROOT = iphoneos;
				SWIFT_COMPILATION_MODE = wholemodule;
				SWIFT_OPTIMIZATION_LEVEL = "-O";
				VALIDATE_PRODUCT = YES;
			};
			name = Release;
		};
		49AA805823E1793D00276AFD /* Debug */ = {
			isa = XCBuildConfiguration;
			buildSettings = {
				ASSETCATALOG_COMPILER_APPICON_NAME = AppIcon;
				CODE_SIGN_STYLE = Automatic;
				INFOPLIST_FILE = Egon_iOSHonoluluProject/Info.plist;
				LD_RUNPATH_SEARCH_PATHS = (
					"$(inherited)",
					"@executable_path/Frameworks",
				);
				PRODUCT_BUNDLE_IDENTIFIER = "eb.egonb.Egon-iOSHonoluluProject";
				PRODUCT_NAME = "$(TARGET_NAME)";
				SWIFT_VERSION = 5.0;
				TARGETED_DEVICE_FAMILY = 1;
			};
			name = Debug;
		};
		49AA805923E1793D00276AFD /* Release */ = {
			isa = XCBuildConfiguration;
			buildSettings = {
				ASSETCATALOG_COMPILER_APPICON_NAME = AppIcon;
				CODE_SIGN_STYLE = Automatic;
				INFOPLIST_FILE = Egon_iOSHonoluluProject/Info.plist;
				LD_RUNPATH_SEARCH_PATHS = (
					"$(inherited)",
					"@executable_path/Frameworks",
				);
				PRODUCT_BUNDLE_IDENTIFIER = "eb.egonb.Egon-iOSHonoluluProject";
				PRODUCT_NAME = "$(TARGET_NAME)";
				SWIFT_VERSION = 5.0;
				TARGETED_DEVICE_FAMILY = 1;
			};
			name = Release;
		};
/* End XCBuildConfiguration section */

/* Begin XCConfigurationList section */
		49AA803E23E1793A00276AFD /* Build configuration list for PBXProject "Egon_iOSHonoluluProject" */ = {
			isa = XCConfigurationList;
			buildConfigurations = (
				49AA805523E1793D00276AFD /* Debug */,
				49AA805623E1793D00276AFD /* Release */,
			);
			defaultConfigurationIsVisible = 0;
			defaultConfigurationName = Release;
		};
		49AA805723E1793D00276AFD /* Build configuration list for PBXNativeTarget "Egon_iOSHonoluluProject" */ = {
			isa = XCConfigurationList;
			buildConfigurations = (
				49AA805823E1793D00276AFD /* Debug */,
				49AA805923E1793D00276AFD /* Release */,
			);
			defaultConfigurationIsVisible = 0;
			defaultConfigurationName = Release;
		};
/* End XCConfigurationList section */
	};
	rootObject = 49AA803B23E1793A00276AFD /* Project object */;
}
